
Microsoft Visual Studio Solution File, Format Version 12.00
# Visual Studio Version 17
VisualStudioVersion = 17.13.35825.156 d17.13
MinimumVisualStudioVersion = 10.0.40219.1
Project("{FAE04EC0-301F-11D3-BF4B-00C04F79EFBC}") = "04_Array_Ornek", "04_Array_Ornek.csproj", "{3D58E4F8-77A1-4AFD-B5EB-924BB8E79DE1}"
EndProject
Global
	GlobalSection(SolutionConfigurationPlatforms) = preSolution
		Debug|Any CPU = Debug|Any CPU
		Release|Any CPU = Release|Any CPU
	EndGlobalSection
	GlobalSection(ProjectConfigurationPlatforms) = postSolution
		{3D58E4F8-77A1-4AFD-B5EB-924BB8E79DE1}.Debug|Any CPU.ActiveCfg = Debug|Any CPU
		{3D58E4F8-77A1-4AFD-B5EB-924BB8E79DE1}.Debug|Any CPU.Build.0 = Debug|Any CPU
		{3D58E4F8-77A1-4AFD-B5EB-924BB8E79DE1}.Release|Any CPU.ActiveCfg = Release|Any CPU
		{3D58E4F8-77A1-4AFD-B5EB-924BB8E79DE1}.Release|Any CPU.Build.0 = Release|Any CPU
	EndGlobalSection
	GlobalSection(SolutionProperties) = preSolution
		HideSolutionNode = FALSE
	EndGlobalSection
	GlobalSection(ExtensibilityGlobals) = postSolution
		SolutionGuid = {0F3559FB-2A15-4DFC-B9D4-BF799D3EE0E7}
	EndGlobalSection
EndGlobal
