
Microsoft Visual Studio Solution File, Format Version 12.00
# Visual Studio Version 17
VisualStudioVersion = 17.13.35825.156 d17.13
MinimumVisualStudioVersion = 10.0.40219.1
Project("{FAE04EC0-301F-11D3-BF4B-00C04F79EFBC}") = "05_if-else", "05_if-else\05_if-else.csproj", "{05BF27E2-5F15-4530-8AD2-F9FA654D26BE}"
EndProject
Global
	GlobalSection(SolutionConfigurationPlatforms) = preSolution
		Debug|Any CPU = Debug|Any CPU
		Release|Any CPU = Release|Any CPU
	EndGlobalSection
	GlobalSection(ProjectConfigurationPlatforms) = postSolution
		{05BF27E2-5F15-4530-8AD2-F9FA654D26BE}.Debug|Any CPU.ActiveCfg = Debug|Any CPU
		{05BF27E2-5F15-4530-8AD2-F9FA654D26BE}.Debug|Any CPU.Build.0 = Debug|Any CPU
		{05BF27E2-5F15-4530-8AD2-F9FA654D26BE}.Release|Any CPU.ActiveCfg = Release|Any CPU
		{05BF27E2-5F15-4530-8AD2-F9FA654D26BE}.Release|Any CPU.Build.0 = Release|Any CPU
	EndGlobalSection
	GlobalSection(SolutionProperties) = preSolution
		HideSolutionNode = FALSE
	EndGlobalSection
	GlobalSection(ExtensibilityGlobals) = postSolution
		SolutionGuid = {B98634C9-D94C-4C77-B155-EC98A50F407B}
	EndGlobalSection
EndGlobal
