
Microsoft Visual Studio Solution File, Format Version 12.00
# Visual Studio Version 17
VisualStudioVersion = 17.13.35825.156 d17.13
MinimumVisualStudioVersion = 10.0.40219.1
Project("{FAE04EC0-301F-11D3-BF4B-00C04F79EFBC}") = "01_Degiskenler", "01_Degiskenler\01_Degiskenler.csproj", "{7AA738E0-8D8F-473C-8C52-7E1A9A4FC6F3}"
EndProject
Global
	GlobalSection(SolutionConfigurationPlatforms) = preSolution
		Debug|Any CPU = Debug|Any CPU
		Release|Any CPU = Release|Any CPU
	EndGlobalSection
	GlobalSection(ProjectConfigurationPlatforms) = postSolution
		{7AA738E0-8D8F-473C-8C52-7E1A9A4FC6F3}.Debug|Any CPU.ActiveCfg = Debug|Any CPU
		{7AA738E0-8D8F-473C-8C52-7E1A9A4FC6F3}.Debug|Any CPU.Build.0 = Debug|Any CPU
		{7AA738E0-8D8F-473C-8C52-7E1A9A4FC6F3}.Release|Any CPU.ActiveCfg = Release|Any CPU
		{7AA738E0-8D8F-473C-8C52-7E1A9A4FC6F3}.Release|Any CPU.Build.0 = Release|Any CPU
	EndGlobalSection
	GlobalSection(SolutionProperties) = preSolution
		HideSolutionNode = FALSE
	EndGlobalSection
	GlobalSection(ExtensibilityGlobals) = postSolution
		SolutionGuid = {6AEA2375-5C43-4F52-AEFF-E4722016E7D2}
	EndGlobalSection
EndGlobal
