
Microsoft Visual Studio Solution File, Format Version 12.00
# Visual Studio Version 17
VisualStudioVersion = 17.13.35825.156 d17.13
MinimumVisualStudioVersion = 10.0.40219.1
Project("{FAE04EC0-301F-11D3-BF4B-00C04F79EFBC}") = "02_Method-Summary", "02_Method-Summary.csproj", "{8CBA01D4-37FA-48F1-AEE6-86EEDFC8DDFE}"
EndProject
Global
	GlobalSection(SolutionConfigurationPlatforms) = preSolution
		Debug|Any CPU = Debug|Any CPU
		Release|Any CPU = Release|Any CPU
	EndGlobalSection
	GlobalSection(ProjectConfigurationPlatforms) = postSolution
		{8CBA01D4-37FA-48F1-AEE6-86EEDFC8DDFE}.Debug|Any CPU.ActiveCfg = Debug|Any CPU
		{8CBA01D4-37FA-48F1-AEE6-86EEDFC8DDFE}.Debug|Any CPU.Build.0 = Debug|Any CPU
		{8CBA01D4-37FA-48F1-AEE6-86EEDFC8DDFE}.Release|Any CPU.ActiveCfg = Release|Any CPU
		{8CBA01D4-37FA-48F1-AEE6-86EEDFC8DDFE}.Release|Any CPU.Build.0 = Release|Any CPU
	EndGlobalSection
	GlobalSection(SolutionProperties) = preSolution
		HideSolutionNode = FALSE
	EndGlobalSection
	GlobalSection(ExtensibilityGlobals) = postSolution
		SolutionGuid = {07635C5F-180E-4EA8-A378-94BD22B2158E}
	EndGlobalSection
EndGlobal
