
Microsoft Visual Studio Solution File, Format Version 12.00
# Visual Studio Version 17
VisualStudioVersion = 17.13.35825.156 d17.13
MinimumVisualStudioVersion = 10.0.40219.1
Project("{FAE04EC0-301F-11D3-BF4B-00C04F79EFBC}") = "05_whileornek", "05_whileornek.csproj", "{F621D71A-BBA2-4E75-AEE5-0FDDAB7234A3}"
EndProject
Global
	GlobalSection(SolutionConfigurationPlatforms) = preSolution
		Debug|Any CPU = Debug|Any CPU
		Release|Any CPU = Release|Any CPU
	EndGlobalSection
	GlobalSection(ProjectConfigurationPlatforms) = postSolution
		{F621D71A-BBA2-4E75-AEE5-0FDDAB7234A3}.Debug|Any CPU.ActiveCfg = Debug|Any CPU
		{F621D71A-BBA2-4E75-AEE5-0FDDAB7234A3}.Debug|Any CPU.Build.0 = Debug|Any CPU
		{F621D71A-BBA2-4E75-AEE5-0FDDAB7234A3}.Release|Any CPU.ActiveCfg = Release|Any CPU
		{F621D71A-BBA2-4E75-AEE5-0FDDAB7234A3}.Release|Any CPU.Build.0 = Release|Any CPU
	EndGlobalSection
	GlobalSection(SolutionProperties) = preSolution
		HideSolutionNode = FALSE
	EndGlobalSection
	GlobalSection(ExtensibilityGlobals) = postSolution
		SolutionGuid = {17CA4ECE-42F0-45A8-B322-F7D9C46C7923}
	EndGlobalSection
EndGlobal
