
Microsoft Visual Studio Solution File, Format Version 12.00
# Visual Studio Version 17
VisualStudioVersion = 17.13.35825.156 d17.13
MinimumVisualStudioVersion = 10.0.40219.1
Project("{FAE04EC0-301F-11D3-BF4B-00C04F79EFBC}") = "02_Array_Methodlar", "02_Array_Methodlar.csproj", "{FDF31D41-B5B8-4F3D-97F7-7E171E54EEDD}"
EndProject
Global
	GlobalSection(SolutionConfigurationPlatforms) = preSolution
		Debug|Any CPU = Debug|Any CPU
		Release|Any CPU = Release|Any CPU
	EndGlobalSection
	GlobalSection(ProjectConfigurationPlatforms) = postSolution
		{FDF31D41-B5B8-4F3D-97F7-7E171E54EEDD}.Debug|Any CPU.ActiveCfg = Debug|Any CPU
		{FDF31D41-B5B8-4F3D-97F7-7E171E54EEDD}.Debug|Any CPU.Build.0 = Debug|Any CPU
		{FDF31D41-B5B8-4F3D-97F7-7E171E54EEDD}.Release|Any CPU.ActiveCfg = Release|Any CPU
		{FDF31D41-B5B8-4F3D-97F7-7E171E54EEDD}.Release|Any CPU.Build.0 = Release|Any CPU
	EndGlobalSection
	GlobalSection(SolutionProperties) = preSolution
		HideSolutionNode = FALSE
	EndGlobalSection
	GlobalSection(ExtensibilityGlobals) = postSolution
		SolutionGuid = {6CCF40E7-BBA0-48FE-B087-CDAF23944CA7}
	EndGlobalSection
EndGlobal
