
Microsoft Visual Studio Solution File, Format Version 12.00
# Visual Studio Version 17
VisualStudioVersion = 17.13.35825.156 d17.13
MinimumVisualStudioVersion = 10.0.40219.1
Project("{FAE04EC0-301F-11D3-BF4B-00C04F79EFBC}") = "04_While-Ornek", "04_While-Ornek.csproj", "{2981E776-A34A-4C8B-8F57-B757935253AA}"
EndProject
Global
	GlobalSection(SolutionConfigurationPlatforms) = preSolution
		Debug|Any CPU = Debug|Any CPU
		Release|Any CPU = Release|Any CPU
	EndGlobalSection
	GlobalSection(ProjectConfigurationPlatforms) = postSolution
		{2981E776-A34A-4C8B-8F57-B757935253AA}.Debug|Any CPU.ActiveCfg = Debug|Any CPU
		{2981E776-A34A-4C8B-8F57-B757935253AA}.Debug|Any CPU.Build.0 = Debug|Any CPU
		{2981E776-A34A-4C8B-8F57-B757935253AA}.Release|Any CPU.ActiveCfg = Release|Any CPU
		{2981E776-A34A-4C8B-8F57-B757935253AA}.Release|Any CPU.Build.0 = Release|Any CPU
	EndGlobalSection
	GlobalSection(SolutionProperties) = preSolution
		HideSolutionNode = FALSE
	EndGlobalSection
	GlobalSection(ExtensibilityGlobals) = postSolution
		SolutionGuid = {E4EE553E-74FD-4E27-9AC7-C6D60F8C073B}
	EndGlobalSection
EndGlobal
