
Microsoft Visual Studio Solution File, Format Version 12.00
# Visual Studio Version 17
VisualStudioVersion = 17.13.35825.156 d17.13
MinimumVisualStudioVersion = 10.0.40219.1
Project("{FAE04EC0-301F-11D3-BF4B-00C04F79EFBC}") = "04_odev", "04_odev\04_odev.csproj", "{AF0CF4B4-E0F8-46FB-9C13-1D37A220F6EA}"
EndProject
Global
	GlobalSection(SolutionConfigurationPlatforms) = preSolution
		Debug|Any CPU = Debug|Any CPU
		Release|Any CPU = Release|Any CPU
	EndGlobalSection
	GlobalSection(ProjectConfigurationPlatforms) = postSolution
		{AF0CF4B4-E0F8-46FB-9C13-1D37A220F6EA}.Debug|Any CPU.ActiveCfg = Debug|Any CPU
		{AF0CF4B4-E0F8-46FB-9C13-1D37A220F6EA}.Debug|Any CPU.Build.0 = Debug|Any CPU
		{AF0CF4B4-E0F8-46FB-9C13-1D37A220F6EA}.Release|Any CPU.ActiveCfg = Release|Any CPU
		{AF0CF4B4-E0F8-46FB-9C13-1D37A220F6EA}.Release|Any CPU.Build.0 = Release|Any CPU
	EndGlobalSection
	GlobalSection(SolutionProperties) = preSolution
		HideSolutionNode = FALSE
	EndGlobalSection
	GlobalSection(ExtensibilityGlobals) = postSolution
		SolutionGuid = {E92BD001-288E-4B7C-B75F-2687FD350005}
	EndGlobalSection
EndGlobal
