
Microsoft Visual Studio Solution File, Format Version 12.00
# Visual Studio Version 17
VisualStudioVersion = 17.13.35825.156 d17.13
MinimumVisualStudioVersion = 10.0.40219.1
Project("{FAE04EC0-301F-11D3-BF4B-00C04F79EFBC}") = "06_Arrays", "06_Arrays.csproj", "{88D8F18F-FCEC-45DC-9020-DF0CF7A23822}"
EndProject
Global
	GlobalSection(SolutionConfigurationPlatforms) = preSolution
		Debug|Any CPU = Debug|Any CPU
		Release|Any CPU = Release|Any CPU
	EndGlobalSection
	GlobalSection(ProjectConfigurationPlatforms) = postSolution
		{88D8F18F-FCEC-45DC-9020-DF0CF7A23822}.Debug|Any CPU.ActiveCfg = Debug|Any CPU
		{88D8F18F-FCEC-45DC-9020-DF0CF7A23822}.Debug|Any CPU.Build.0 = Debug|Any CPU
		{88D8F18F-FCEC-45DC-9020-DF0CF7A23822}.Release|Any CPU.ActiveCfg = Release|Any CPU
		{88D8F18F-FCEC-45DC-9020-DF0CF7A23822}.Release|Any CPU.Build.0 = Release|Any CPU
	EndGlobalSection
	GlobalSection(SolutionProperties) = preSolution
		HideSolutionNode = FALSE
	EndGlobalSection
	GlobalSection(ExtensibilityGlobals) = postSolution
		SolutionGuid = {8F1DBE45-7265-4FD3-9AD6-A48D4BF11E8E}
	EndGlobalSection
EndGlobal
