
Microsoft Visual Studio Solution File, Format Version 12.00
# Visual Studio Version 17
VisualStudioVersion = 17.13.35825.156 d17.13
MinimumVisualStudioVersion = 10.0.40219.1
Project("{FAE04EC0-301F-11D3-BF4B-00C04F79EFBC}") = "01_For-Dongusu", "01_For-Dongusu.csproj", "{09FD9995-BEA0-4C70-AF7D-CD2EE351FB70}"
EndProject
Global
	GlobalSection(SolutionConfigurationPlatforms) = preSolution
		Debug|Any CPU = Debug|Any CPU
		Release|Any CPU = Release|Any CPU
	EndGlobalSection
	GlobalSection(ProjectConfigurationPlatforms) = postSolution
		{09FD9995-BEA0-4C70-AF7D-CD2EE351FB70}.Debug|Any CPU.ActiveCfg = Debug|Any CPU
		{09FD9995-BEA0-4C70-AF7D-CD2EE351FB70}.Debug|Any CPU.Build.0 = Debug|Any CPU
		{09FD9995-BEA0-4C70-AF7D-CD2EE351FB70}.Release|Any CPU.ActiveCfg = Release|Any CPU
		{09FD9995-BEA0-4C70-AF7D-CD2EE351FB70}.Release|Any CPU.Build.0 = Release|Any CPU
	EndGlobalSection
	GlobalSection(SolutionProperties) = preSolution
		HideSolutionNode = FALSE
	EndGlobalSection
	GlobalSection(ExtensibilityGlobals) = postSolution
		SolutionGuid = {BA3A30F8-B495-48B0-945B-E6A2EA0827C8}
	EndGlobalSection
EndGlobal
