
Microsoft Visual Studio Solution File, Format Version 12.00
# Visual Studio Version 17
VisualStudioVersion = 17.13.35825.156 d17.13
MinimumVisualStudioVersion = 10.0.40219.1
Project("{FAE04EC0-301F-11D3-BF4B-00C04F79EFBC}") = "03_Array_Ornekler", "03_Array_Ornekler.csproj", "{B2DEF530-EFB8-4D77-9279-4BB891CFD459}"
EndProject
Global
	GlobalSection(SolutionConfigurationPlatforms) = preSolution
		Debug|Any CPU = Debug|Any CPU
		Release|Any CPU = Release|Any CPU
	EndGlobalSection
	GlobalSection(ProjectConfigurationPlatforms) = postSolution
		{B2DEF530-EFB8-4D77-9279-4BB891CFD459}.Debug|Any CPU.ActiveCfg = Debug|Any CPU
		{B2DEF530-EFB8-4D77-9279-4BB891CFD459}.Debug|Any CPU.Build.0 = Debug|Any CPU
		{B2DEF530-EFB8-4D77-9279-4BB891CFD459}.Release|Any CPU.ActiveCfg = Release|Any CPU
		{B2DEF530-EFB8-4D77-9279-4BB891CFD459}.Release|Any CPU.Build.0 = Release|Any CPU
	EndGlobalSection
	GlobalSection(SolutionProperties) = preSolution
		HideSolutionNode = FALSE
	EndGlobalSection
	GlobalSection(ExtensibilityGlobals) = postSolution
		SolutionGuid = {99332322-C3C0-4BBF-B1EF-118F72343606}
	EndGlobalSection
EndGlobal
