
Microsoft Visual Studio Solution File, Format Version 12.00
# Visual Studio Version 17
VisualStudioVersion = 17.13.35825.156 d17.13
MinimumVisualStudioVersion = 10.0.40219.1
Project("{FAE04EC0-301F-11D3-BF4B-00C04F79EFBC}") = "02_try-catch-finally", "02_try-catch-finally\02_try-catch-finally.csproj", "{CD764347-65A1-4D8B-B251-0FFBB6F0DC76}"
EndProject
Global
	GlobalSection(SolutionConfigurationPlatforms) = preSolution
		Debug|Any CPU = Debug|Any CPU
		Release|Any CPU = Release|Any CPU
	EndGlobalSection
	GlobalSection(ProjectConfigurationPlatforms) = postSolution
		{CD764347-65A1-4D8B-B251-0FFBB6F0DC76}.Debug|Any CPU.ActiveCfg = Debug|Any CPU
		{CD764347-65A1-4D8B-B251-0FFBB6F0DC76}.Debug|Any CPU.Build.0 = Debug|Any CPU
		{CD764347-65A1-4D8B-B251-0FFBB6F0DC76}.Release|Any CPU.ActiveCfg = Release|Any CPU
		{CD764347-65A1-4D8B-B251-0FFBB6F0DC76}.Release|Any CPU.Build.0 = Release|Any CPU
	EndGlobalSection
	GlobalSection(SolutionProperties) = preSolution
		HideSolutionNode = FALSE
	EndGlobalSection
	GlobalSection(ExtensibilityGlobals) = postSolution
		SolutionGuid = {74B2C1EB-CBFF-462D-9CF7-553B2FCA628C}
	EndGlobalSection
EndGlobal
